{
  "nodes": {
    "crane": {
      "inputs": {
        "nixpkgs": [
          "flakelight-rust",
          "flakelight",
          "nixpkgs"
        ]
      },
      "locked": {
        "lastModified": 1721842668,
        "narHash": "sha256-k3oiD2z2AAwBFLa4+xfU+7G5fisRXfkvrMTCJrjZzXo=",
        "owner": "ipetkov",
        "repo": "crane",
        "rev": "529c1a0b1f29f0d78fa3086b8f6a134c71ef3aaf",
        "type": "github"
      },
      "original": {
        "owner": "ipetkov",
        "repo": "crane",
        "type": "github"
      }
    },
    "fenix": {
      "inputs": {
        "nixpkgs": [
          "nixpkgs"
        ],
        "rust-analyzer-src": "rust-analyzer-src"
      },
      "locked": {
        "lastModified": 1722493751,
        "narHash": "sha256-l7/yMehbrL5d4AI8E2hKtNlT50BlUAau4EKTgPg9KcY=",
        "owner": "nix-community",
        "repo": "fenix",
        "rev": "60ab4a085ef6ee40f2ef7921ca4061084dd8cf26",
        "type": "github"
      },
      "original": {
        "owner": "nix-community",
        "ref": "monthly",
        "repo": "fenix",
        "type": "github"
      }
    },
    "flakelight": {
      "inputs": {
        "nixpkgs": "nixpkgs"
      },
      "locked": {
        "lastModified": 1722829863,
        "narHash": "sha256-Ieurrui00o9tE58LBR5bglWxFiFCYGGs5/Yn1cc5Rf4=",
        "owner": "nix-community",
        "repo": "flakelight",
        "rev": "5ebf01fbb56e80623f3c2411f36e868db44163f0",
        "type": "github"
      },
      "original": {
        "owner": "nix-community",
        "repo": "flakelight",
        "type": "github"
      }
    },
    "flakelight-rust": {
      "inputs": {
        "crane": "crane",
        "flakelight": "flakelight_2"
      },
      "locked": {
        "lastModified": 1722343039,
        "narHash": "sha256-YKrsa53aOVVtYtRao4+ZrfG5D1ZL9OKvlEhWHiOBYlA=",
        "owner": "accelbread",
        "repo": "flakelight-rust",
        "rev": "2bd2056dfce80708422daa0c6de09e485974572e",
        "type": "github"
      },
      "original": {
        "owner": "accelbread",
        "repo": "flakelight-rust",
        "type": "github"
      }
    },
    "flakelight_2": {
      "inputs": {
        "nixpkgs": "nixpkgs_2"
      },
      "locked": {
        "lastModified": 1722256570,
        "narHash": "sha256-bwLhkHtXHz7inbeuVPxxLKI8ZhfF2tz+uNTMG2eUU+k=",
        "owner": "nix-community",
        "repo": "flakelight",
        "rev": "60d8e0525fc248a08e6c7d4105cae96e3ef4442e",
        "type": "github"
      },
      "original": {
        "owner": "nix-community",
        "repo": "flakelight",
        "type": "github"
      }
    },
    "nixpkgs": {
      "locked": {
        "lastModified": 1722630782,
        "narHash": "sha256-hMyG9/WlUi0Ho9VkRrrez7SeNlDzLxalm9FwY7n/Noo=",
        "owner": "NixOS",
        "repo": "nixpkgs",
        "rev": "d04953086551086b44b6f3c6b7eeb26294f207da",
        "type": "github"
      },
      "original": {
        "owner": "NixOS",
        "ref": "nixos-unstable",
        "repo": "nixpkgs",
        "type": "github"
      }
    },
    "nixpkgs_2": {
      "locked": {
        "lastModified": 1722062969,
        "narHash": "sha256-QOS0ykELUmPbrrUGmegAUlpmUFznDQeR4q7rFhl8eQg=",
        "owner": "NixOS",
        "repo": "nixpkgs",
        "rev": "b73c2221a46c13557b1b3be9c2070cc42cf01eb3",
        "type": "github"
      },
      "original": {
        "owner": "NixOS",
        "ref": "nixos-unstable",
        "repo": "nixpkgs",
        "type": "github"
      }
    },
    "nixpkgs_3": {
      "locked": {
        "lastModified": 1722802969,
        "narHash": "sha256-bPhyAXNnVerBZusxOuPMhMm0X7hSFLFKcH+7ynfgLjs=",
        "owner": "NixOS",
        "repo": "nixpkgs",
        "rev": "785feb91183a50959823ff9ba9ef673105259cd5",
        "type": "github"
      },
      "original": {
        "id": "nixpkgs",
        "ref": "nixpkgs-unstable",
        "type": "indirect"
      }
    },
    "root": {
      "inputs": {
        "fenix": "fenix",
        "flakelight": "flakelight",
        "flakelight-rust": "flakelight-rust",
        "nixpkgs": "nixpkgs_3"
      }
    },
    "rust-analyzer-src": {
      "flake": false,
      "locked": {
        "lastModified": 1722798820,
        "narHash": "sha256-/Bd0VzlutcxTwSNouS/iC6BDv395NoO4XmBJaS2vQLg=",
        "owner": "rust-lang",
        "repo": "rust-analyzer",
        "rev": "c9109f23de57359df39db6fa36b5ca4c64b671e1",
        "type": "github"
      },
      "original": {
        "owner": "rust-lang",
        "ref": "nightly",
        "repo": "rust-analyzer",
        "type": "github"
      }
    }
  },
  "root": "root",
  "version": 7
}
